
Microsoft Visual Studio Solution File, Format Version 12.00
Project("{2150E333-8FDC-42A3-9474-1A3956D46DE8}") = "root", "root", "{F24B0210-AC0E-4618-8BA1-C9634747FB85}"
EndProject
Project("{2150E333-8FDC-42A3-9474-1A3956D46DE8}") = "src", "src", "{A243E5A3-0C56-4F6D-B524-51BA0E58FC51}"
EndProject
Project("{FAE04EC0-301F-11D3-BF4B-00C04F79EFBC}") = "FluxorGap", "src\FluxorGap\FluxorGap.csproj", "{4A555046-9174-4B37-995D-312A92E029D5}"
EndProject
Global
	GlobalSection(SolutionConfigurationPlatforms) = preSolution
		Debug|Any CPU = Debug|Any CPU
		Release|Any CPU = Release|Any CPU
	EndGlobalSection
	GlobalSection(NestedProjects) = preSolution
		{A243E5A3-0C56-4F6D-B524-51BA0E58FC51} = {F24B0210-AC0E-4618-8BA1-C9634747FB85}
		{4A555046-9174-4B37-995D-312A92E029D5} = {A243E5A3-0C56-4F6D-B524-51BA0E58FC51}
	EndGlobalSection
	GlobalSection(ProjectConfigurationPlatforms) = postSolution
		{4A555046-9174-4B37-995D-312A92E029D5}.Debug|Any CPU.ActiveCfg = Debug|Any CPU
		{4A555046-9174-4B37-995D-312A92E029D5}.Debug|Any CPU.Build.0 = Debug|Any CPU
		{4A555046-9174-4B37-995D-312A92E029D5}.Release|Any CPU.ActiveCfg = Release|Any CPU
		{4A555046-9174-4B37-995D-312A92E029D5}.Release|Any CPU.Build.0 = Release|Any CPU
	EndGlobalSection
EndGlobal
