
Microsoft Visual Studio Solution File, Format Version 12.00
Project("{2150E333-8FDC-42A3-9474-1A3956D46DE8}") = "root", "root", "{F24B0210-AC0E-4618-8BA1-C9634747FB85}"
ProjectSection(SolutionItems) = preProject
	readme.md = readme.md
EndProjectSection
EndProject
Project("{2150E333-8FDC-42A3-9474-1A3956D46DE8}") = "src", "src", "{A243E5A3-0C56-4F6D-B524-51BA0E58FC51}"
EndProject
Project("{FAE04EC0-301F-11D3-BF4B-00C04F79EFBC}") = "Fluxor", "..\..\mrpmorris\Fluxor\Source\Fluxor\Fluxor.csproj", "{8C3A45C9-CFAA-4942-9E48-F0B7BB857202}"
EndProject
Project("{FAE04EC0-301F-11D3-BF4B-00C04F79EFBC}") = "Fluxor.Blazor.Web", "..\..\mrpmorris\Fluxor\Source\Fluxor.Blazor.Web\Fluxor.Blazor.Web.csproj", "{A2F97F9B-19C2-4B60-A159-1F0114DD45A9}"
EndProject
Project("{FAE04EC0-301F-11D3-BF4B-00C04F79EFBC}") = "FluxorGap", "src\FluxorGap\FluxorGap.csproj", "{4A555046-9174-4B37-995D-312A92E029D5}"
EndProject
Global
	GlobalSection(SolutionConfigurationPlatforms) = preSolution
		Debug|Any CPU = Debug|Any CPU
		Release|Any CPU = Release|Any CPU
	EndGlobalSection
	GlobalSection(NestedProjects) = preSolution
		{A243E5A3-0C56-4F6D-B524-51BA0E58FC51} = {F24B0210-AC0E-4618-8BA1-C9634747FB85}
		{8C3A45C9-CFAA-4942-9E48-F0B7BB857202} = {A243E5A3-0C56-4F6D-B524-51BA0E58FC51}
		{A2F97F9B-19C2-4B60-A159-1F0114DD45A9} = {A243E5A3-0C56-4F6D-B524-51BA0E58FC51}
		{4A555046-9174-4B37-995D-312A92E029D5} = {A243E5A3-0C56-4F6D-B524-51BA0E58FC51}
	EndGlobalSection
	GlobalSection(ProjectConfigurationPlatforms) = postSolution
		{8C3A45C9-CFAA-4942-9E48-F0B7BB857202}.Debug|Any CPU.ActiveCfg = Debug|Any CPU
		{8C3A45C9-CFAA-4942-9E48-F0B7BB857202}.Debug|Any CPU.Build.0 = Debug|Any CPU
		{8C3A45C9-CFAA-4942-9E48-F0B7BB857202}.Release|Any CPU.ActiveCfg = Release|Any CPU
		{8C3A45C9-CFAA-4942-9E48-F0B7BB857202}.Release|Any CPU.Build.0 = Release|Any CPU
		{A2F97F9B-19C2-4B60-A159-1F0114DD45A9}.Debug|Any CPU.ActiveCfg = Debug|Any CPU
		{A2F97F9B-19C2-4B60-A159-1F0114DD45A9}.Debug|Any CPU.Build.0 = Debug|Any CPU
		{A2F97F9B-19C2-4B60-A159-1F0114DD45A9}.Release|Any CPU.ActiveCfg = Release|Any CPU
		{A2F97F9B-19C2-4B60-A159-1F0114DD45A9}.Release|Any CPU.Build.0 = Release|Any CPU
		{4A555046-9174-4B37-995D-312A92E029D5}.Debug|Any CPU.ActiveCfg = Debug|Any CPU
		{4A555046-9174-4B37-995D-312A92E029D5}.Debug|Any CPU.Build.0 = Debug|Any CPU
		{4A555046-9174-4B37-995D-312A92E029D5}.Release|Any CPU.ActiveCfg = Release|Any CPU
		{4A555046-9174-4B37-995D-312A92E029D5}.Release|Any CPU.Build.0 = Release|Any CPU
	EndGlobalSection
EndGlobal
